
Microsoft Visual Studio Solution File, Format Version 12.00
# Visual Studio Version 17
VisualStudioVersion = 17.4.33103.184
MinimumVisualStudioVersion = 10.0.40219.1
Project("{FAE04EC0-301F-11D3-BF4B-00C04F79EFBC}") = "practiseWork", "practiseWork.csproj", "{D931751B-6AAC-44E8-B8E8-B234B9AFA2CF}"
EndProject
Project("{FAE04EC0-301F-11D3-BF4B-00C04F79EFBC}") = "UtilLibrary", "..\UtilLibrary\UtilLibrary.csproj", "{C3D77A4D-1ECE-4D10-BBBB-24F0593C499A}"
EndProject
Global
	GlobalSection(SolutionConfigurationPlatforms) = preSolution
		Debug|Any CPU = Debug|Any CPU
		Release|Any CPU = Release|Any CPU
	EndGlobalSection
	GlobalSection(ProjectConfigurationPlatforms) = postSolution
		{D931751B-6AAC-44E8-B8E8-B234B9AFA2CF}.Debug|Any CPU.ActiveCfg = Debug|Any CPU
		{D931751B-6AAC-44E8-B8E8-B234B9AFA2CF}.Debug|Any CPU.Build.0 = Debug|Any CPU
		{D931751B-6AAC-44E8-B8E8-B234B9AFA2CF}.Release|Any CPU.ActiveCfg = Release|Any CPU
		{D931751B-6AAC-44E8-B8E8-B234B9AFA2CF}.Release|Any CPU.Build.0 = Release|Any CPU
		{C3D77A4D-1ECE-4D10-BBBB-24F0593C499A}.Debug|Any CPU.ActiveCfg = Debug|Any CPU
		{C3D77A4D-1ECE-4D10-BBBB-24F0593C499A}.Debug|Any CPU.Build.0 = Debug|Any CPU
		{C3D77A4D-1ECE-4D10-BBBB-24F0593C499A}.Release|Any CPU.ActiveCfg = Release|Any CPU
		{C3D77A4D-1ECE-4D10-BBBB-24F0593C499A}.Release|Any CPU.Build.0 = Release|Any CPU
	EndGlobalSection
	GlobalSection(SolutionProperties) = preSolution
		HideSolutionNode = FALSE
	EndGlobalSection
	GlobalSection(ExtensibilityGlobals) = postSolution
		SolutionGuid = {35D780BA-B5BF-486B-A60A-2B3252BADAB1}
	EndGlobalSection
EndGlobal
